
Microsoft Visual Studio Solution File, Format Version 12.00
# Visual Studio Version 17
VisualStudioVersion = 17.11.35327.3
MinimumVisualStudioVersion = 10.0.40219.1
Project("{9A19103F-16F7-4668-BE54-9A1E7A4F7556}") = "Tasks", "Tasks\Tasks.csproj", "{58D8BB10-1BA0-41A5-8FAB-1599CAA1215D}"
EndProject
Project("{9A19103F-16F7-4668-BE54-9A1E7A4F7556}") = "Task1", "Task1\Task1.csproj", "{9A281D18-C18A-48CB-B4B6-74CA8F140299}"
EndProject
Project("{9A19103F-16F7-4668-BE54-9A1E7A4F7556}") = "Task2", "Task2\Task2.csproj", "{D5031AC4-6661-4BE8-8B67-49632A28D20D}"
EndProject
Project("{9A19103F-16F7-4668-BE54-9A1E7A4F7556}") = "Task3", "Task3\Task3.csproj", "{9C54EBD2-3B08-4F81-BC4E-0E8943D81733}"
EndProject
Project("{9A19103F-16F7-4668-BE54-9A1E7A4F7556}") = "Testing", "Testing\Testing.csproj", "{17DB04BF-C6D6-4159-8869-4754623789E8}"
EndProject
Project("{9A19103F-16F7-4668-BE54-9A1E7A4F7556}") = "Task4", "Task4\Task4.csproj", "{F3449CAC-F3EB-4696-8026-0FA6925CD24B}"
EndProject
Project("{9A19103F-16F7-4668-BE54-9A1E7A4F7556}") = "Task5", "Task5\Task5.csproj", "{7D725D11-0097-4DB9-81F8-486319DA0B64}"
EndProject
Project("{FAE04EC0-301F-11D3-BF4B-00C04F79EFBC}") = "Task6", "Task6\Task6.csproj", "{88413227-B63A-4AF5-8F95-281FBE8380A5}"
EndProject
Global
	GlobalSection(SolutionConfigurationPlatforms) = preSolution
		Debug|Any CPU = Debug|Any CPU
		Release|Any CPU = Release|Any CPU
	EndGlobalSection
	GlobalSection(ProjectConfigurationPlatforms) = postSolution
		{58D8BB10-1BA0-41A5-8FAB-1599CAA1215D}.Debug|Any CPU.ActiveCfg = Debug|Any CPU
		{58D8BB10-1BA0-41A5-8FAB-1599CAA1215D}.Debug|Any CPU.Build.0 = Debug|Any CPU
		{58D8BB10-1BA0-41A5-8FAB-1599CAA1215D}.Release|Any CPU.ActiveCfg = Release|Any CPU
		{58D8BB10-1BA0-41A5-8FAB-1599CAA1215D}.Release|Any CPU.Build.0 = Release|Any CPU
		{9A281D18-C18A-48CB-B4B6-74CA8F140299}.Debug|Any CPU.ActiveCfg = Debug|Any CPU
		{9A281D18-C18A-48CB-B4B6-74CA8F140299}.Debug|Any CPU.Build.0 = Debug|Any CPU
		{9A281D18-C18A-48CB-B4B6-74CA8F140299}.Release|Any CPU.ActiveCfg = Release|Any CPU
		{9A281D18-C18A-48CB-B4B6-74CA8F140299}.Release|Any CPU.Build.0 = Release|Any CPU
		{D5031AC4-6661-4BE8-8B67-49632A28D20D}.Debug|Any CPU.ActiveCfg = Debug|Any CPU
		{D5031AC4-6661-4BE8-8B67-49632A28D20D}.Debug|Any CPU.Build.0 = Debug|Any CPU
		{D5031AC4-6661-4BE8-8B67-49632A28D20D}.Release|Any CPU.ActiveCfg = Release|Any CPU
		{D5031AC4-6661-4BE8-8B67-49632A28D20D}.Release|Any CPU.Build.0 = Release|Any CPU
		{9C54EBD2-3B08-4F81-BC4E-0E8943D81733}.Debug|Any CPU.ActiveCfg = Debug|Any CPU
		{9C54EBD2-3B08-4F81-BC4E-0E8943D81733}.Debug|Any CPU.Build.0 = Debug|Any CPU
		{9C54EBD2-3B08-4F81-BC4E-0E8943D81733}.Release|Any CPU.ActiveCfg = Release|Any CPU
		{9C54EBD2-3B08-4F81-BC4E-0E8943D81733}.Release|Any CPU.Build.0 = Release|Any CPU
		{17DB04BF-C6D6-4159-8869-4754623789E8}.Debug|Any CPU.ActiveCfg = Debug|Any CPU
		{17DB04BF-C6D6-4159-8869-4754623789E8}.Debug|Any CPU.Build.0 = Debug|Any CPU
		{17DB04BF-C6D6-4159-8869-4754623789E8}.Release|Any CPU.ActiveCfg = Release|Any CPU
		{17DB04BF-C6D6-4159-8869-4754623789E8}.Release|Any CPU.Build.0 = Release|Any CPU
		{F3449CAC-F3EB-4696-8026-0FA6925CD24B}.Debug|Any CPU.ActiveCfg = Debug|Any CPU
		{F3449CAC-F3EB-4696-8026-0FA6925CD24B}.Debug|Any CPU.Build.0 = Debug|Any CPU
		{F3449CAC-F3EB-4696-8026-0FA6925CD24B}.Release|Any CPU.ActiveCfg = Release|Any CPU
		{F3449CAC-F3EB-4696-8026-0FA6925CD24B}.Release|Any CPU.Build.0 = Release|Any CPU
		{7D725D11-0097-4DB9-81F8-486319DA0B64}.Debug|Any CPU.ActiveCfg = Debug|Any CPU
		{7D725D11-0097-4DB9-81F8-486319DA0B64}.Debug|Any CPU.Build.0 = Debug|Any CPU
		{7D725D11-0097-4DB9-81F8-486319DA0B64}.Release|Any CPU.ActiveCfg = Release|Any CPU
		{7D725D11-0097-4DB9-81F8-486319DA0B64}.Release|Any CPU.Build.0 = Release|Any CPU
		{88413227-B63A-4AF5-8F95-281FBE8380A5}.Debug|Any CPU.ActiveCfg = Debug|Any CPU
		{88413227-B63A-4AF5-8F95-281FBE8380A5}.Debug|Any CPU.Build.0 = Debug|Any CPU
		{88413227-B63A-4AF5-8F95-281FBE8380A5}.Release|Any CPU.ActiveCfg = Release|Any CPU
		{88413227-B63A-4AF5-8F95-281FBE8380A5}.Release|Any CPU.Build.0 = Release|Any CPU
	EndGlobalSection
	GlobalSection(SolutionProperties) = preSolution
		HideSolutionNode = FALSE
	EndGlobalSection
	GlobalSection(ExtensibilityGlobals) = postSolution
		SolutionGuid = {0EA1093C-A881-4699-BA70-105F164BDF75}
	EndGlobalSection
EndGlobal
